// !$*UTF8*$!
{
	archiveVersion = 1;
	classes = {
	};
	objectVersion = 77;
	objects = {

/* Begin PBXBuildFile section */
		1115F230E14FBE3C1FC754A2 /* GhosttySurfaceView.swift in Sources */ = {isa = PBXBuildFile; fileRef = E298AD81B1615CBBFD69F48A /* GhosttySurfaceView.swift */; };
		11AB712CD3F25FE8A034F205 /* GitService.swift in Sources */ = {isa = PBXBuildFile; fileRef = 39F54835E4A44EC88236EFBE /* GitService.swift */; };
		164C6F51683CE7942393E816 /* GitDiff.swift in Sources */ = {isa = PBXBuildFile; fileRef = 7039488F4C2F75498E461311 /* GitDiff.swift */; };
		175E069EE844FB32C6EE51BB /* Persistence.swift in Sources */ = {isa = PBXBuildFile; fileRef = 8EDE0D7C434B8E9C76C4A297 /* Persistence.swift */; };
		21C03B3AE912F4D30FA6F92C /* PaneAgentState.swift in Sources */ = {isa = PBXBuildFile; fileRef = 41DDB9C7B5A277B7924270A3 /* PaneAgentState.swift */; };
		2E52C3AC5AD998CD3604D6BE /* GhosttyKit.xcframework in Frameworks */ = {isa = PBXBuildFile; fileRef = 81DADCF27E710CC77846E961 /* GhosttyKit.xcframework */; };
		3932A4CFEFF6FB81AE283645 /* AgentHookInstaller.swift in Sources */ = {isa = PBXBuildFile; fileRef = 265A192AC9BD06DB09346E90 /* AgentHookInstaller.swift */; };
		3CB9F41E3B1CB4A8790D9159 /* GhosttyManager.swift in Sources */ = {isa = PBXBuildFile; fileRef = FC6FFB5185C403F6F44A1687 /* GhosttyManager.swift */; };
		419DDD815048044125F5FE91 /* ReviewWindow.swift in Sources */ = {isa = PBXBuildFile; fileRef = 9E982534C8CF6270BCF39106 /* ReviewWindow.swift */; };
		47BB527385B84454ABF8FC40 /* themes.json in Resources */ = {isa = PBXBuildFile; fileRef = 6860F8F626EFDB9A289FC727 /* themes.json */; };
		49DF8EE59313B7CFE29DA303 /* PaneTreeView.swift in Sources */ = {isa = PBXBuildFile; fileRef = 1E646AABA8ADCE8A2A5C6F55 /* PaneTreeView.swift */; };
		5157C5439862F21202BCC44D /* AppDelegate.swift in Sources */ = {isa = PBXBuildFile; fileRef = 9E67CF5D8552AE1F51386161 /* AppDelegate.swift */; };
		692D1A7D490E07D796535EAA /* UpdaterController.swift in Sources */ = {isa = PBXBuildFile; fileRef = 4408F9761E584DE2AB6630E2 /* UpdaterController.swift */; };
		6D74FE6545631EB8193C82E1 /* PaneView.swift in Sources */ = {isa = PBXBuildFile; fileRef = 08FC2FBC9E8729A5ECBF857C /* PaneView.swift */; };
		7D07A40DF6411A613624827A /* PaneSurfaceRepresentable.swift in Sources */ = {isa = PBXBuildFile; fileRef = 16137B405E48DBE262A15B6D /* PaneSurfaceRepresentable.swift */; };
		7FC12666816053BEB64079CB /* Theme.swift in Sources */ = {isa = PBXBuildFile; fileRef = 050E267AE14712D4D6633B4F /* Theme.swift */; };
		930665E39CE84564CBF9D300 /* GlintTheme.swift in Sources */ = {isa = PBXBuildFile; fileRef = 150EEF32284061D527E51866 /* GlintTheme.swift */; };
		942ED7C1C1A2E823BA52F67A /* Assets.xcassets in Resources */ = {isa = PBXBuildFile; fileRef = 3023490E670A10EC38870B12 /* Assets.xcassets */; };
		A91EFEF0FEA392A0745724DE /* AppIcon.icon in Resources */ = {isa = PBXBuildFile; fileRef = 89B8883C4456681F07B6D662 /* AppIcon.icon */; };
		AB89FA6EF5785EC4026F4402 /* VisualEffectBackground.swift in Sources */ = {isa = PBXBuildFile; fileRef = C0656F7C1D48AE0429C1888B /* VisualEffectBackground.swift */; };
		ABFF3BCAC4AE8CCCAFF89CA0 /* NewWorkspaceSheet.swift in Sources */ = {isa = PBXBuildFile; fileRef = 0D29C0D2447094B07854C193 /* NewWorkspaceSheet.swift */; };
		B1DE20B081ACC4536DBD2089 /* GitStatusPopover.swift in Sources */ = {isa = PBXBuildFile; fileRef = 54663E213FE879B96C0D80E7 /* GitStatusPopover.swift */; };
		B70CAFEBB2416E25B0FFED97 /* Sparkle in Frameworks */ = {isa = PBXBuildFile; productRef = C48F9D3C512A0ABE8369D0F4 /* Sparkle */; };
		C0E8D97C08BA3F0FA33F31E7 /* CommandPalette.swift in Sources */ = {isa = PBXBuildFile; fileRef = 235E2D958A2244483CAA0812 /* CommandPalette.swift */; };
		C48BD1224EA2C6D3C87B9120 /* AgentPaneSummary.swift in Sources */ = {isa = PBXBuildFile; fileRef = 829D894CF747D6BC08667239 /* AgentPaneSummary.swift */; };
		CD30F5E1B78B3C46C9990FD6 /* SidebarView.swift in Sources */ = {isa = PBXBuildFile; fileRef = A8C269A6E9AE87961C3356DC /* SidebarView.swift */; };
		CD7908F096580864CB2992ED /* ContentView.swift in Sources */ = {isa = PBXBuildFile; fileRef = 4BE4DBC7E2579823474466E9 /* ContentView.swift */; };
		CEA0A8FF66046FEFA80FAC0C /* GlintApp.swift in Sources */ = {isa = PBXBuildFile; fileRef = 7CB74659D174004C620D538A /* GlintApp.swift */; };
		D1BDE1E5DE8D4FE1F96822D1 /* WorkspaceStore.swift in Sources */ = {isa = PBXBuildFile; fileRef = 5A8933F67B4B6EEA3FD4E603 /* WorkspaceStore.swift */; };
		D3D6CF13B67D30E9DA557F83 /* UsageStore.swift in Sources */ = {isa = PBXBuildFile; fileRef = F8A1F24DAA7220AD4EE961E2 /* UsageStore.swift */; };
		E464D0233508CD31C1235054 /* AgentBridge.swift in Sources */ = {isa = PBXBuildFile; fileRef = 05F2CA2243872C8111048EF2 /* AgentBridge.swift */; };
		EF3ACBA990526130228FAD0B /* SettingsView.swift in Sources */ = {isa = PBXBuildFile; fileRef = 6D3B64992BBD5A190DFE36D2 /* SettingsView.swift */; };
		EF937781512647E835836F83 /* ControlBridge.swift in Sources */ = {isa = PBXBuildFile; fileRef = 21868C7211897C87A6CAD7C3 /* ControlBridge.swift */; };
		F6AFF715FCE5357CEB07683D /* SettingsSafety.swift in Sources */ = {isa = PBXBuildFile; fileRef = DB20921E3CAC1006A8FBD3AE /* SettingsSafety.swift */; };
		F7ABF70CD455143BF89B89B3 /* SafeJSON.swift in Sources */ = {isa = PBXBuildFile; fileRef = C9E2B9ADF809766CE4278047 /* SafeJSON.swift */; };
		FCB67525DF16A4DCF9B2AF7A /* Localizable.xcstrings in Resources */ = {isa = PBXBuildFile; fileRef = 376568363043C189904E4E0A /* Localizable.xcstrings */; };
/* End PBXBuildFile section */

/* Begin PBXFileReference section */
		050E267AE14712D4D6633B4F /* Theme.swift */ = {isa = PBXFileReference; lastKnownFileType = sourcecode.swift; path = Theme.swift; sourceTree = "<group>"; };
		05F2CA2243872C8111048EF2 /* AgentBridge.swift */ = {isa = PBXFileReference; lastKnownFileType = sourcecode.swift; path = AgentBridge.swift; sourceTree = "<group>"; };
		08FC2FBC9E8729A5ECBF857C /* PaneView.swift */ = {isa = PBXFileReference; lastKnownFileType = sourcecode.swift; path = PaneView.swift; sourceTree = "<group>"; };
		0D29C0D2447094B07854C193 /* NewWorkspaceSheet.swift */ = {isa = PBXFileReference; lastKnownFileType = sourcecode.swift; path = NewWorkspaceSheet.swift; sourceTree = "<group>"; };
		150EEF32284061D527E51866 /* GlintTheme.swift */ = {isa = PBXFileReference; lastKnownFileType = sourcecode.swift; path = GlintTheme.swift; sourceTree = "<group>"; };
		16137B405E48DBE262A15B6D /* PaneSurfaceRepresentable.swift */ = {isa = PBXFileReference; lastKnownFileType = sourcecode.swift; path = PaneSurfaceRepresentable.swift; sourceTree = "<group>"; };
		1E646AABA8ADCE8A2A5C6F55 /* PaneTreeView.swift */ = {isa = PBXFileReference; lastKnownFileType = sourcecode.swift; path = PaneTreeView.swift; sourceTree = "<group>"; };
		21868C7211897C87A6CAD7C3 /* ControlBridge.swift */ = {isa = PBXFileReference; lastKnownFileType = sourcecode.swift; path = ControlBridge.swift; sourceTree = "<group>"; };
		235E2D958A2244483CAA0812 /* CommandPalette.swift */ = {isa = PBXFileReference; lastKnownFileType = sourcecode.swift; path = CommandPalette.swift; sourceTree = "<group>"; };
		25DADCEBA9C483C729B69388 /* Glint.entitlements */ = {isa = PBXFileReference; lastKnownFileType = text.plist.entitlements; path = Glint.entitlements; sourceTree = "<group>"; };
		265A192AC9BD06DB09346E90 /* AgentHookInstaller.swift */ = {isa = PBXFileReference; lastKnownFileType = sourcecode.swift; path = AgentHookInstaller.swift; sourceTree = "<group>"; };
		3023490E670A10EC38870B12 /* Assets.xcassets */ = {isa = PBXFileReference; lastKnownFileType = folder.assetcatalog; path = Assets.xcassets; sourceTree = "<group>"; };
		376568363043C189904E4E0A /* Localizable.xcstrings */ = {isa = PBXFileReference; lastKnownFileType = text.json.xcstrings; path = Localizable.xcstrings; sourceTree = "<group>"; };
		39F54835E4A44EC88236EFBE /* GitService.swift */ = {isa = PBXFileReference; lastKnownFileType = sourcecode.swift; path = GitService.swift; sourceTree = "<group>"; };
		3E2E78BBA22734DD486C760B /* Glint.app */ = {isa = PBXFileReference; explicitFileType = wrapper.application; includeInIndex = 0; path = Glint.app; sourceTree = BUILT_PRODUCTS_DIR; };
		41DDB9C7B5A277B7924270A3 /* PaneAgentState.swift */ = {isa = PBXFileReference; lastKnownFileType = sourcecode.swift; path = PaneAgentState.swift; sourceTree = "<group>"; };
		4408F9761E584DE2AB6630E2 /* UpdaterController.swift */ = {isa = PBXFileReference; lastKnownFileType = sourcecode.swift; path = UpdaterController.swift; sourceTree = "<group>"; };
		4BE4DBC7E2579823474466E9 /* ContentView.swift */ = {isa = PBXFileReference; lastKnownFileType = sourcecode.swift; path = ContentView.swift; sourceTree = "<group>"; };
		54663E213FE879B96C0D80E7 /* GitStatusPopover.swift */ = {isa = PBXFileReference; lastKnownFileType = sourcecode.swift; path = GitStatusPopover.swift; sourceTree = "<group>"; };
		5A8933F67B4B6EEA3FD4E603 /* WorkspaceStore.swift */ = {isa = PBXFileReference; lastKnownFileType = sourcecode.swift; path = WorkspaceStore.swift; sourceTree = "<group>"; };
		6860F8F626EFDB9A289FC727 /* themes.json */ = {isa = PBXFileReference; lastKnownFileType = text.json; path = themes.json; sourceTree = "<group>"; };
		6D3B64992BBD5A190DFE36D2 /* SettingsView.swift */ = {isa = PBXFileReference; lastKnownFileType = sourcecode.swift; path = SettingsView.swift; sourceTree = "<group>"; };
		7039488F4C2F75498E461311 /* GitDiff.swift */ = {isa = PBXFileReference; lastKnownFileType = sourcecode.swift; path = GitDiff.swift; sourceTree = "<group>"; };
		7CB74659D174004C620D538A /* GlintApp.swift */ = {isa = PBXFileReference; lastKnownFileType = sourcecode.swift; path = GlintApp.swift; sourceTree = "<group>"; };
		81DADCF27E710CC77846E961 /* GhosttyKit.xcframework */ = {isa = PBXFileReference; lastKnownFileType = wrapper.xcframework; name = GhosttyKit.xcframework; path = Vendor/GhosttyKit.xcframework; sourceTree = "<group>"; };
		829D894CF747D6BC08667239 /* AgentPaneSummary.swift */ = {isa = PBXFileReference; lastKnownFileType = sourcecode.swift; path = AgentPaneSummary.swift; sourceTree = "<group>"; };
		89B8883C4456681F07B6D662 /* AppIcon.icon */ = {isa = PBXFileReference; lastKnownFileType = wrapper.icon; path = AppIcon.icon; sourceTree = "<group>"; };
		8EDE0D7C434B8E9C76C4A297 /* Persistence.swift */ = {isa = PBXFileReference; lastKnownFileType = sourcecode.swift; path = Persistence.swift; sourceTree = "<group>"; };
		9E67CF5D8552AE1F51386161 /* AppDelegate.swift */ = {isa = PBXFileReference; lastKnownFileType = sourcecode.swift; path = AppDelegate.swift; sourceTree = "<group>"; };
		9E982534C8CF6270BCF39106 /* ReviewWindow.swift */ = {isa = PBXFileReference; lastKnownFileType = sourcecode.swift; path = ReviewWindow.swift; sourceTree = "<group>"; };
		A8C269A6E9AE87961C3356DC /* SidebarView.swift */ = {isa = PBXFileReference; lastKnownFileType = sourcecode.swift; path = SidebarView.swift; sourceTree = "<group>"; };
		C0656F7C1D48AE0429C1888B /* VisualEffectBackground.swift */ = {isa = PBXFileReference; lastKnownFileType = sourcecode.swift; path = VisualEffectBackground.swift; sourceTree = "<group>"; };
		C9E2B9ADF809766CE4278047 /* SafeJSON.swift */ = {isa = PBXFileReference; lastKnownFileType = sourcecode.swift; path = SafeJSON.swift; sourceTree = "<group>"; };
		DB20921E3CAC1006A8FBD3AE /* SettingsSafety.swift */ = {isa = PBXFileReference; lastKnownFileType = sourcecode.swift; path = SettingsSafety.swift; sourceTree = "<group>"; };
		E298AD81B1615CBBFD69F48A /* GhosttySurfaceView.swift */ = {isa = PBXFileReference; lastKnownFileType = sourcecode.swift; path = GhosttySurfaceView.swift; sourceTree = "<group>"; };
		F5A69ACF962AEDE189F98649 /* Info.plist */ = {isa = PBXFileReference; lastKnownFileType = text.plist; path = Info.plist; sourceTree = "<group>"; };
		F8A1F24DAA7220AD4EE961E2 /* UsageStore.swift */ = {isa = PBXFileReference; lastKnownFileType = sourcecode.swift; path = UsageStore.swift; sourceTree = "<group>"; };
		FC6FFB5185C403F6F44A1687 /* GhosttyManager.swift */ = {isa = PBXFileReference; lastKnownFileType = sourcecode.swift; path = GhosttyManager.swift; sourceTree = "<group>"; };
/* End PBXFileReference section */

/* Begin PBXFrameworksBuildPhase section */
		98BEE1CADB909FBA0A70E63B /* Frameworks */ = {
			isa = PBXFrameworksBuildPhase;
			buildActionMask = 2147483647;
			files = (
				2E52C3AC5AD998CD3604D6BE /* GhosttyKit.xcframework in Frameworks */,
				B70CAFEBB2416E25B0FFED97 /* Sparkle in Frameworks */,
			);
			runOnlyForDeploymentPostprocessing = 0;
		};
/* End PBXFrameworksBuildPhase section */

/* Begin PBXGroup section */
		169D300DD0731BE0FC20E230 /* Resources */ = {
			isa = PBXGroup;
			children = (
				89B8883C4456681F07B6D662 /* AppIcon.icon */,
				3023490E670A10EC38870B12 /* Assets.xcassets */,
				25DADCEBA9C483C729B69388 /* Glint.entitlements */,
				F5A69ACF962AEDE189F98649 /* Info.plist */,
				376568363043C189904E4E0A /* Localizable.xcstrings */,
				6860F8F626EFDB9A289FC727 /* themes.json */,
			);
			path = Resources;
			sourceTree = "<group>";
		};
		5D84BADE56807E092D26B87B /* Pane */ = {
			isa = PBXGroup;
			children = (
				E298AD81B1615CBBFD69F48A /* GhosttySurfaceView.swift */,
				16137B405E48DBE262A15B6D /* PaneSurfaceRepresentable.swift */,
				1E646AABA8ADCE8A2A5C6F55 /* PaneTreeView.swift */,
				08FC2FBC9E8729A5ECBF857C /* PaneView.swift */,
			);
			path = Pane;
			sourceTree = "<group>";
		};
		65CB88BAF642F92D3AFF7AB9 /* Chrome */ = {
			isa = PBXGroup;
			children = (
				235E2D958A2244483CAA0812 /* CommandPalette.swift */,
				4BE4DBC7E2579823474466E9 /* ContentView.swift */,
				54663E213FE879B96C0D80E7 /* GitStatusPopover.swift */,
				150EEF32284061D527E51866 /* GlintTheme.swift */,
				0D29C0D2447094B07854C193 /* NewWorkspaceSheet.swift */,
				6D3B64992BBD5A190DFE36D2 /* SettingsView.swift */,
				A8C269A6E9AE87961C3356DC /* SidebarView.swift */,
				050E267AE14712D4D6633B4F /* Theme.swift */,
				C0656F7C1D48AE0429C1888B /* VisualEffectBackground.swift */,
			);
			path = Chrome;
			sourceTree = "<group>";
		};
		6A47880D53D0B53681B9E4D3 /* Git */ = {
			isa = PBXGroup;
			children = (
				7039488F4C2F75498E461311 /* GitDiff.swift */,
				39F54835E4A44EC88236EFBE /* GitService.swift */,
			);
			path = Git;
			sourceTree = "<group>";
		};
		846EE2A0E01AF110EE275AFD /* Frameworks */ = {
			isa = PBXGroup;
			children = (
				81DADCF27E710CC77846E961 /* GhosttyKit.xcframework */,
			);
			name = Frameworks;
			sourceTree = "<group>";
		};
		8CD393231F7DDDDC2FC4028F /* Agent */ = {
			isa = PBXGroup;
			children = (
				05F2CA2243872C8111048EF2 /* AgentBridge.swift */,
				265A192AC9BD06DB09346E90 /* AgentHookInstaller.swift */,
				829D894CF747D6BC08667239 /* AgentPaneSummary.swift */,
				21868C7211897C87A6CAD7C3 /* ControlBridge.swift */,
				41DDB9C7B5A277B7924270A3 /* PaneAgentState.swift */,
				C9E2B9ADF809766CE4278047 /* SafeJSON.swift */,
				F8A1F24DAA7220AD4EE961E2 /* UsageStore.swift */,
			);
			path = Agent;
			sourceTree = "<group>";
		};
		976DA38BD8100EAB5D19A251 /* Workspace */ = {
			isa = PBXGroup;
			children = (
				8EDE0D7C434B8E9C76C4A297 /* Persistence.swift */,
				5A8933F67B4B6EEA3FD4E603 /* WorkspaceStore.swift */,
			);
			path = Workspace;
			sourceTree = "<group>";
		};
		A212D40EB74F607990A5942B /* Review */ = {
			isa = PBXGroup;
			children = (
				9E982534C8CF6270BCF39106 /* ReviewWindow.swift */,
			);
			path = Review;
			sourceTree = "<group>";
		};
		BB4ECEBC994408CE9F33EC5A /* Glint */ = {
			isa = PBXGroup;
			children = (
				8CD393231F7DDDDC2FC4028F /* Agent */,
				CE6E633968E3B9EE7F187610 /* App */,
				65CB88BAF642F92D3AFF7AB9 /* Chrome */,
				D972692525044F2CF3D4348A /* Ghostty */,
				6A47880D53D0B53681B9E4D3 /* Git */,
				5D84BADE56807E092D26B87B /* Pane */,
				169D300DD0731BE0FC20E230 /* Resources */,
				A212D40EB74F607990A5942B /* Review */,
				976DA38BD8100EAB5D19A251 /* Workspace */,
			);
			path = Glint;
			sourceTree = "<group>";
		};
		CE6E633968E3B9EE7F187610 /* App */ = {
			isa = PBXGroup;
			children = (
				9E67CF5D8552AE1F51386161 /* AppDelegate.swift */,
				7CB74659D174004C620D538A /* GlintApp.swift */,
				DB20921E3CAC1006A8FBD3AE /* SettingsSafety.swift */,
				4408F9761E584DE2AB6630E2 /* UpdaterController.swift */,
			);
			path = App;
			sourceTree = "<group>";
		};
		D972692525044F2CF3D4348A /* Ghostty */ = {
			isa = PBXGroup;
			children = (
				FC6FFB5185C403F6F44A1687 /* GhosttyManager.swift */,
			);
			path = Ghostty;
			sourceTree = "<group>";
		};
		EA6921C9B6CB486D18C07534 = {
			isa = PBXGroup;
			children = (
				BB4ECEBC994408CE9F33EC5A /* Glint */,
				846EE2A0E01AF110EE275AFD /* Frameworks */,
				F0DEBFD467843DF4F582D172 /* Products */,
			);
			sourceTree = "<group>";
		};
		F0DEBFD467843DF4F582D172 /* Products */ = {
			isa = PBXGroup;
			children = (
				3E2E78BBA22734DD486C760B /* Glint.app */,
			);
			name = Products;
			sourceTree = "<group>";
		};
/* End PBXGroup section */

/* Begin PBXNativeTarget section */
		370743E3F9FFC81627C407C4 /* Glint */ = {
			isa = PBXNativeTarget;
			buildConfigurationList = 4AC9F6345A7677531E105A3D /* Build configuration list for PBXNativeTarget "Glint" */;
			buildPhases = (
				86AD9E59837D6EEC7E56E0F0 /* Sources */,
				15DB57E4B5291059A1FB8D4A /* Resources */,
				98BEE1CADB909FBA0A70E63B /* Frameworks */,
			);
			buildRules = (
			);
			dependencies = (
			);
			name = Glint;
			packageProductDependencies = (
				C48F9D3C512A0ABE8369D0F4 /* Sparkle */,
			);
			productName = Glint;
			productReference = 3E2E78BBA22734DD486C760B /* Glint.app */;
			productType = "com.apple.product-type.application";
		};
/* End PBXNativeTarget section */

/* Begin PBXProject section */
		BE6DB378EC4FB00E8DB46BA7 /* Project object */ = {
			isa = PBXProject;
			attributes = {
				BuildIndependentTargetsInParallel = YES;
				LastUpgradeCheck = 1430;
				TargetAttributes = {
					370743E3F9FFC81627C407C4 = {
						DevelopmentTeam = "";
						ProvisioningStyle = Automatic;
					};
				};
			};
			buildConfigurationList = 086B69158E9278565399AC37 /* Build configuration list for PBXProject "Glint" */;
			developmentRegion = en;
			hasScannedForEncodings = 0;
			knownRegions = (
				Base,
				en,
				"zh-Hans",
			);
			mainGroup = EA6921C9B6CB486D18C07534;
			minimizedProjectReferenceProxies = 1;
			packageReferences = (
				AAA6FA46A023C46056BE3F0D /* XCRemoteSwiftPackageReference "Sparkle" */,
			);
			preferredProjectObjectVersion = 77;
			productRefGroup = F0DEBFD467843DF4F582D172 /* Products */;
			projectDirPath = "";
			projectRoot = "";
			targets = (
				370743E3F9FFC81627C407C4 /* Glint */,
			);
		};
/* End PBXProject section */

/* Begin PBXResourcesBuildPhase section */
		15DB57E4B5291059A1FB8D4A /* Resources */ = {
			isa = PBXResourcesBuildPhase;
			buildActionMask = 2147483647;
			files = (
				A91EFEF0FEA392A0745724DE /* AppIcon.icon in Resources */,
				942ED7C1C1A2E823BA52F67A /* Assets.xcassets in Resources */,
				FCB67525DF16A4DCF9B2AF7A /* Localizable.xcstrings in Resources */,
				47BB527385B84454ABF8FC40 /* themes.json in Resources */,
			);
			runOnlyForDeploymentPostprocessing = 0;
		};
/* End PBXResourcesBuildPhase section */

/* Begin PBXSourcesBuildPhase section */
		86AD9E59837D6EEC7E56E0F0 /* Sources */ = {
			isa = PBXSourcesBuildPhase;
			buildActionMask = 2147483647;
			files = (
				E464D0233508CD31C1235054 /* AgentBridge.swift in Sources */,
				3932A4CFEFF6FB81AE283645 /* AgentHookInstaller.swift in Sources */,
				C48BD1224EA2C6D3C87B9120 /* AgentPaneSummary.swift in Sources */,
				5157C5439862F21202BCC44D /* AppDelegate.swift in Sources */,
				C0E8D97C08BA3F0FA33F31E7 /* CommandPalette.swift in Sources */,
				CD7908F096580864CB2992ED /* ContentView.swift in Sources */,
				EF937781512647E835836F83 /* ControlBridge.swift in Sources */,
				3CB9F41E3B1CB4A8790D9159 /* GhosttyManager.swift in Sources */,
				1115F230E14FBE3C1FC754A2 /* GhosttySurfaceView.swift in Sources */,
				164C6F51683CE7942393E816 /* GitDiff.swift in Sources */,
				11AB712CD3F25FE8A034F205 /* GitService.swift in Sources */,
				B1DE20B081ACC4536DBD2089 /* GitStatusPopover.swift in Sources */,
				CEA0A8FF66046FEFA80FAC0C /* GlintApp.swift in Sources */,
				930665E39CE84564CBF9D300 /* GlintTheme.swift in Sources */,
				ABFF3BCAC4AE8CCCAFF89CA0 /* NewWorkspaceSheet.swift in Sources */,
				21C03B3AE912F4D30FA6F92C /* PaneAgentState.swift in Sources */,
				7D07A40DF6411A613624827A /* PaneSurfaceRepresentable.swift in Sources */,
				49DF8EE59313B7CFE29DA303 /* PaneTreeView.swift in Sources */,
				6D74FE6545631EB8193C82E1 /* PaneView.swift in Sources */,
				175E069EE844FB32C6EE51BB /* Persistence.swift in Sources */,
				419DDD815048044125F5FE91 /* ReviewWindow.swift in Sources */,
				F7ABF70CD455143BF89B89B3 /* SafeJSON.swift in Sources */,
				F6AFF715FCE5357CEB07683D /* SettingsSafety.swift in Sources */,
				EF3ACBA990526130228FAD0B /* SettingsView.swift in Sources */,
				CD30F5E1B78B3C46C9990FD6 /* SidebarView.swift in Sources */,
				7FC12666816053BEB64079CB /* Theme.swift in Sources */,
				692D1A7D490E07D796535EAA /* UpdaterController.swift in Sources */,
				D3D6CF13B67D30E9DA557F83 /* UsageStore.swift in Sources */,
				AB89FA6EF5785EC4026F4402 /* VisualEffectBackground.swift in Sources */,
				D1BDE1E5DE8D4FE1F96822D1 /* WorkspaceStore.swift in Sources */,
			);
			runOnlyForDeploymentPostprocessing = 0;
		};
/* End PBXSourcesBuildPhase section */

/* Begin XCBuildConfiguration section */
		2FF28DB47A88D5C96B620971 /* Release */ = {
			isa = XCBuildConfiguration;
			buildSettings = {
				ASSETCATALOG_COMPILER_APPICON_NAME = AppIcon;
				CODE_SIGN_ENTITLEMENTS = Glint/Resources/Glint.entitlements;
				CODE_SIGN_IDENTITY = "-";
				CODE_SIGN_STYLE = Automatic;
				COMBINE_HIDPI_IMAGES = YES;
				DEVELOPMENT_TEAM = "";
				FRAMEWORK_SEARCH_PATHS = (
					"$(SRCROOT)/Vendor",
					"\"Vendor\"",
				);
				INFOPLIST_FILE = Glint/Resources/Info.plist;
				LD_RUNPATH_SEARCH_PATHS = (
					"$(inherited)",
					"@executable_path/../Frameworks",
				);
				OTHER_LDFLAGS = (
					"-framework",
					Metal,
					"-framework",
					MetalKit,
					"-framework",
					QuartzCore,
					"-framework",
					CoreText,
					"-framework",
					AppKit,
					"-framework",
					Carbon,
					"-framework",
					IOKit,
					"-framework",
					Security,
					"-framework",
					UserNotifications,
					"-lc++",
				);
				PRODUCT_BUNDLE_IDENTIFIER = app.glint.Glint;
				PRODUCT_NAME = Glint;
				SDKROOT = macosx;
			};
			name = Release;
		};
		737FFBE4050FEC0AF1931C18 /* Debug */ = {
			isa = XCBuildConfiguration;
			buildSettings = {
				ALWAYS_SEARCH_USER_PATHS = NO;
				CLANG_ANALYZER_NONNULL = YES;
				CLANG_ANALYZER_NUMBER_OBJECT_CONVERSION = YES_AGGRESSIVE;
				CLANG_CXX_LANGUAGE_STANDARD = "gnu++14";
				CLANG_CXX_LIBRARY = "libc++";
				CLANG_ENABLE_MODULES = YES;
				CLANG_ENABLE_OBJC_ARC = YES;
				CLANG_ENABLE_OBJC_WEAK = YES;
				CLANG_WARN_BLOCK_CAPTURE_AUTORELEASING = YES;
				CLANG_WARN_BOOL_CONVERSION = YES;
				CLANG_WARN_COMMA = YES;
				CLANG_WARN_CONSTANT_CONVERSION = YES;
				CLANG_WARN_DEPRECATED_OBJC_IMPLEMENTATIONS = YES;
				CLANG_WARN_DIRECT_OBJC_ISA_USAGE = YES_ERROR;
				CLANG_WARN_DOCUMENTATION_COMMENTS = YES;
				CLANG_WARN_EMPTY_BODY = YES;
				CLANG_WARN_ENUM_CONVERSION = YES;
				CLANG_WARN_INFINITE_RECURSION = YES;
				CLANG_WARN_INT_CONVERSION = YES;
				CLANG_WARN_NON_LITERAL_NULL_CONVERSION = YES;
				CLANG_WARN_OBJC_IMPLICIT_RETAIN_SELF = YES;
				CLANG_WARN_OBJC_LITERAL_CONVERSION = YES;
				CLANG_WARN_OBJC_ROOT_CLASS = YES_ERROR;
				CLANG_WARN_QUOTED_INCLUDE_IN_FRAMEWORK_HEADER = YES;
				CLANG_WARN_RANGE_LOOP_ANALYSIS = YES;
				CLANG_WARN_STRICT_PROTOTYPES = YES;
				CLANG_WARN_SUSPICIOUS_MOVE = YES;
				CLANG_WARN_UNGUARDED_AVAILABILITY = YES_AGGRESSIVE;
				CLANG_WARN_UNREACHABLE_CODE = YES;
				CLANG_WARN__DUPLICATE_METHOD_MATCH = YES;
				COPY_PHASE_STRIP = NO;
				DEAD_CODE_STRIPPING = YES;
				DEBUG_INFORMATION_FORMAT = dwarf;
				ENABLE_HARDENED_RUNTIME = YES;
				ENABLE_STRICT_OBJC_MSGSEND = YES;
				ENABLE_TESTABILITY = YES;
				GCC_C_LANGUAGE_STANDARD = gnu11;
				GCC_DYNAMIC_NO_PIC = NO;
				GCC_NO_COMMON_BLOCKS = YES;
				GCC_OPTIMIZATION_LEVEL = 0;
				GCC_PREPROCESSOR_DEFINITIONS = (
					"$(inherited)",
					"DEBUG=1",
				);
				GCC_WARN_64_TO_32_BIT_CONVERSION = YES;
				GCC_WARN_ABOUT_RETURN_TYPE = YES_ERROR;
				GCC_WARN_UNDECLARED_SELECTOR = YES;
				GCC_WARN_UNINITIALIZED_AUTOS = YES_AGGRESSIVE;
				GCC_WARN_UNUSED_FUNCTION = YES;
				GCC_WARN_UNUSED_VARIABLE = YES;
				MACOSX_DEPLOYMENT_TARGET = 14.0;
				MTL_ENABLE_DEBUG_INFO = INCLUDE_SOURCE;
				MTL_FAST_MATH = YES;
				ONLY_ACTIVE_ARCH = YES;
				PRODUCT_NAME = "$(TARGET_NAME)";
				SDKROOT = macosx;
				SWIFT_ACTIVE_COMPILATION_CONDITIONS = DEBUG;
				SWIFT_OPTIMIZATION_LEVEL = "-Onone";
				SWIFT_TREAT_WARNINGS_AS_ERRORS = NO;
				SWIFT_VERSION = 5.10;
			};
			name = Debug;
		};
		D716E255757C327EE86E1B65 /* Debug */ = {
			isa = XCBuildConfiguration;
			buildSettings = {
				ASSETCATALOG_COMPILER_APPICON_NAME = AppIcon;
				CODE_SIGN_ENTITLEMENTS = Glint/Resources/Glint.entitlements;
				CODE_SIGN_IDENTITY = "-";
				CODE_SIGN_STYLE = Automatic;
				COMBINE_HIDPI_IMAGES = YES;
				DEVELOPMENT_TEAM = "";
				FRAMEWORK_SEARCH_PATHS = (
					"$(SRCROOT)/Vendor",
					"\"Vendor\"",
				);
				INFOPLIST_FILE = Glint/Resources/Info.plist;
				LD_RUNPATH_SEARCH_PATHS = (
					"$(inherited)",
					"@executable_path/../Frameworks",
				);
				OTHER_LDFLAGS = (
					"-framework",
					Metal,
					"-framework",
					MetalKit,
					"-framework",
					QuartzCore,
					"-framework",
					CoreText,
					"-framework",
					AppKit,
					"-framework",
					Carbon,
					"-framework",
					IOKit,
					"-framework",
					Security,
					"-framework",
					UserNotifications,
					"-lc++",
				);
				PRODUCT_BUNDLE_IDENTIFIER = app.glint.Glint.dev;
				PRODUCT_NAME = Glint;
				SDKROOT = macosx;
			};
			name = Debug;
		};
		E37AAD708771A94B3B8380A6 /* Release */ = {
			isa = XCBuildConfiguration;
			buildSettings = {
				ALWAYS_SEARCH_USER_PATHS = NO;
				CLANG_ANALYZER_NONNULL = YES;
				CLANG_ANALYZER_NUMBER_OBJECT_CONVERSION = YES_AGGRESSIVE;
				CLANG_CXX_LANGUAGE_STANDARD = "gnu++14";
				CLANG_CXX_LIBRARY = "libc++";
				CLANG_ENABLE_MODULES = YES;
				CLANG_ENABLE_OBJC_ARC = YES;
				CLANG_ENABLE_OBJC_WEAK = YES;
				CLANG_WARN_BLOCK_CAPTURE_AUTORELEASING = YES;
				CLANG_WARN_BOOL_CONVERSION = YES;
				CLANG_WARN_COMMA = YES;
				CLANG_WARN_CONSTANT_CONVERSION = YES;
				CLANG_WARN_DEPRECATED_OBJC_IMPLEMENTATIONS = YES;
				CLANG_WARN_DIRECT_OBJC_ISA_USAGE = YES_ERROR;
				CLANG_WARN_DOCUMENTATION_COMMENTS = YES;
				CLANG_WARN_EMPTY_BODY = YES;
				CLANG_WARN_ENUM_CONVERSION = YES;
				CLANG_WARN_INFINITE_RECURSION = YES;
				CLANG_WARN_INT_CONVERSION = YES;
				CLANG_WARN_NON_LITERAL_NULL_CONVERSION = YES;
				CLANG_WARN_OBJC_IMPLICIT_RETAIN_SELF = YES;
				CLANG_WARN_OBJC_LITERAL_CONVERSION = YES;
				CLANG_WARN_OBJC_ROOT_CLASS = YES_ERROR;
				CLANG_WARN_QUOTED_INCLUDE_IN_FRAMEWORK_HEADER = YES;
				CLANG_WARN_RANGE_LOOP_ANALYSIS = YES;
				CLANG_WARN_STRICT_PROTOTYPES = YES;
				CLANG_WARN_SUSPICIOUS_MOVE = YES;
				CLANG_WARN_UNGUARDED_AVAILABILITY = YES_AGGRESSIVE;
				CLANG_WARN_UNREACHABLE_CODE = YES;
				CLANG_WARN__DUPLICATE_METHOD_MATCH = YES;
				COPY_PHASE_STRIP = NO;
				DEAD_CODE_STRIPPING = YES;
				DEBUG_INFORMATION_FORMAT = "dwarf-with-dsym";
				ENABLE_HARDENED_RUNTIME = YES;
				ENABLE_NS_ASSERTIONS = NO;
				ENABLE_STRICT_OBJC_MSGSEND = YES;
				GCC_C_LANGUAGE_STANDARD = gnu11;
				GCC_NO_COMMON_BLOCKS = YES;
				GCC_WARN_64_TO_32_BIT_CONVERSION = YES;
				GCC_WARN_ABOUT_RETURN_TYPE = YES_ERROR;
				GCC_WARN_UNDECLARED_SELECTOR = YES;
				GCC_WARN_UNINITIALIZED_AUTOS = YES_AGGRESSIVE;
				GCC_WARN_UNUSED_FUNCTION = YES;
				GCC_WARN_UNUSED_VARIABLE = YES;
				MACOSX_DEPLOYMENT_TARGET = 14.0;
				MTL_ENABLE_DEBUG_INFO = NO;
				MTL_FAST_MATH = YES;
				PRODUCT_NAME = "$(TARGET_NAME)";
				SDKROOT = macosx;
				SWIFT_COMPILATION_MODE = wholemodule;
				SWIFT_OPTIMIZATION_LEVEL = "-O";
				SWIFT_TREAT_WARNINGS_AS_ERRORS = NO;
				SWIFT_VERSION = 5.10;
			};
			name = Release;
		};
/* End XCBuildConfiguration section */

/* Begin XCConfigurationList section */
		086B69158E9278565399AC37 /* Build configuration list for PBXProject "Glint" */ = {
			isa = XCConfigurationList;
			buildConfigurations = (
				737FFBE4050FEC0AF1931C18 /* Debug */,
				E37AAD708771A94B3B8380A6 /* Release */,
			);
			defaultConfigurationIsVisible = 0;
			defaultConfigurationName = Debug;
		};
		4AC9F6345A7677531E105A3D /* Build configuration list for PBXNativeTarget "Glint" */ = {
			isa = XCConfigurationList;
			buildConfigurations = (
				D716E255757C327EE86E1B65 /* Debug */,
				2FF28DB47A88D5C96B620971 /* Release */,
			);
			defaultConfigurationIsVisible = 0;
			defaultConfigurationName = Debug;
		};
/* End XCConfigurationList section */

/* Begin XCRemoteSwiftPackageReference section */
		AAA6FA46A023C46056BE3F0D /* XCRemoteSwiftPackageReference "Sparkle" */ = {
			isa = XCRemoteSwiftPackageReference;
			repositoryURL = "https://github.com/sparkle-project/Sparkle.git";
			requirement = {
				kind = upToNextMajorVersion;
				minimumVersion = 2.6.4;
			};
		};
/* End XCRemoteSwiftPackageReference section */

/* Begin XCSwiftPackageProductDependency section */
		C48F9D3C512A0ABE8369D0F4 /* Sparkle */ = {
			isa = XCSwiftPackageProductDependency;
			package = AAA6FA46A023C46056BE3F0D /* XCRemoteSwiftPackageReference "Sparkle" */;
			productName = Sparkle;
		};
/* End XCSwiftPackageProductDependency section */
	};
	rootObject = BE6DB378EC4FB00E8DB46BA7 /* Project object */;
}
